
Microsoft Visual Studio Solution File, Format Version 12.00
# Visual Studio 14
VisualStudioVersion = 14.0.25420.1
MinimumVisualStudioVersion = 10.0.40219.1
Project("{FAE04EC0-301F-11D3-BF4B-00C04F79EFBC}") = "GatherContentConnect", "GatherContentConnect\GatherContentConnect.csproj", "{4154ECF5-02C6-4C34-A73D-E9059E796874}"
EndProject
Project("{FAE04EC0-301F-11D3-BF4B-00C04F79EFBC}") = "GatherContentConnect.Tests", "GatherContentConnect.Tests\GatherContentConnect.Tests.csproj", "{1EF1FA00-2843-4B5A-8650-ED28B0BC3407}"
EndProject
Project("{2150E333-8FDC-42A3-9474-1A3956D46DE8}") = "Solution Items", "Solution Items", "{C3EAC52C-4544-44E7-AF84-97697DAB45A0}"
	ProjectSection(SolutionItems) = preProject
		nuget.config = nuget.config
	EndProjectSection
EndProject
Global
	GlobalSection(SolutionConfigurationPlatforms) = preSolution
		Debug|Any CPU = Debug|Any CPU
		Release|Any CPU = Release|Any CPU
	EndGlobalSection
	GlobalSection(ProjectConfigurationPlatforms) = postSolution
		{4154ECF5-02C6-4C34-A73D-E9059E796874}.Debug|Any CPU.ActiveCfg = Debug|Any CPU
		{4154ECF5-02C6-4C34-A73D-E9059E796874}.Debug|Any CPU.Build.0 = Debug|Any CPU
		{4154ECF5-02C6-4C34-A73D-E9059E796874}.Release|Any CPU.ActiveCfg = Release|Any CPU
		{4154ECF5-02C6-4C34-A73D-E9059E796874}.Release|Any CPU.Build.0 = Release|Any CPU
		{1EF1FA00-2843-4B5A-8650-ED28B0BC3407}.Debug|Any CPU.ActiveCfg = Debug|Any CPU
		{1EF1FA00-2843-4B5A-8650-ED28B0BC3407}.Debug|Any CPU.Build.0 = Debug|Any CPU
		{1EF1FA00-2843-4B5A-8650-ED28B0BC3407}.Release|Any CPU.ActiveCfg = Release|Any CPU
		{1EF1FA00-2843-4B5A-8650-ED28B0BC3407}.Release|Any CPU.Build.0 = Release|Any CPU
	EndGlobalSection
	GlobalSection(SolutionProperties) = preSolution
		HideSolutionNode = FALSE
	EndGlobalSection
EndGlobal
